
Microsoft Visual Studio Solution File, Format Version 11.00
# Visual Studio 2010
Project("{FAE04EC0-301F-11D3-BF4B-00C04F79EFBC}") = "ListaEncadenada", "ListaEncadenada\ListaEncadenada.csproj", "{967F95EB-E091-4480-9205-65A49522C859}"
EndProject
Global
	GlobalSection(SolutionConfigurationPlatforms) = preSolution
		Debug|x86 = Debug|x86
		Release|x86 = Release|x86
	EndGlobalSection
	GlobalSection(ProjectConfigurationPlatforms) = postSolution
		{967F95EB-E091-4480-9205-65A49522C859}.Debug|x86.ActiveCfg = Debug|x86
		{967F95EB-E091-4480-9205-65A49522C859}.Debug|x86.Build.0 = Debug|x86
		{967F95EB-E091-4480-9205-65A49522C859}.Release|x86.ActiveCfg = Release|x86
		{967F95EB-E091-4480-9205-65A49522C859}.Release|x86.Build.0 = Release|x86
	EndGlobalSection
	GlobalSection(SolutionProperties) = preSolution
		HideSolutionNode = FALSE
	EndGlobalSection
EndGlobal
